
Microsoft Visual Studio Solution File, Format Version 12.00
Project("{FAE04EC0-301F-11D3-BF4B-00C04F79EFBC}") = "JoBoard.AuthService", "src\JoBoard.AuthService\JoBoard.AuthService.csproj", "{937C18AB-3858-48CD-88B5-235AAB1B78B9}"
EndProject
Project("{FAE04EC0-301F-11D3-BF4B-00C04F79EFBC}") = "JoBoard.AuthService.Domain", "src\JoBoard.AuthService.Domain\JoBoard.AuthService.Domain.csproj", "{B6B5251C-2F66-419B-AE1F-3024812569D5}"
EndProject
Project("{FAE04EC0-301F-11D3-BF4B-00C04F79EFBC}") = "JoBoard.AuthService.Application", "src\JoBoard.AuthService.Application\JoBoard.AuthService.Application.csproj", "{36B8C4BF-CEAC-4138-B172-8BECE6515964}"
EndProject
Project("{FAE04EC0-301F-11D3-BF4B-00C04F79EFBC}") = "JoBoard.AuthService.Infrastructure.Common", "src\JoBoard.AuthService.Infrastructure.Common\JoBoard.AuthService.Infrastructure.Common.csproj", "{F85A174E-03CD-41ED-A26F-0C1DB7743514}"
EndProject
Project("{FAE04EC0-301F-11D3-BF4B-00C04F79EFBC}") = "JoBoard.AuthService.Migrator", "src\JoBoard.AuthService.Migrator\JoBoard.AuthService.Migrator.csproj", "{5F3F3FA3-59D9-448A-9830-E2647A6EFDB1}"
EndProject
Project("{2150E333-8FDC-42A3-9474-1A3956D46DE8}") = "src", "src", "{5B78A882-52A1-42BA-B5D0-EB9688D70F27}"
EndProject
Project("{2150E333-8FDC-42A3-9474-1A3956D46DE8}") = "tests", "tests", "{A8B9121C-E3A7-4AD3-93A9-3D5D98DF6F01}"
EndProject
Project("{2150E333-8FDC-42A3-9474-1A3956D46DE8}") = "common", "common", "{50600778-E54E-4F95-BF2F-B9D122F1E2CB}"
	ProjectSection(SolutionItems) = preProject
		README.md = README.md
		.gitignore = .gitignore
		docker-compose.Development.yml = docker-compose.Development.yml
		.dockerignore = .dockerignore
		docker-entrypoint.RunMigrator.sh = docker-entrypoint.RunMigrator.sh
		Dockerfile = Dockerfile
		Makefile = Makefile
		wait-for-it.sh = wait-for-it.sh
	EndProjectSection
EndProject
Project("{FAE04EC0-301F-11D3-BF4B-00C04F79EFBC}") = "JoBoard.AuthService.Tests.Unit", "tests\JoBoard.AuthService.Tests.Unit\JoBoard.AuthService.Tests.Unit.csproj", "{B40FBE57-83D3-4A0D-A6F5-286271875EA1}"
EndProject
Project("{FAE04EC0-301F-11D3-BF4B-00C04F79EFBC}") = "JoBoard.AuthService.Infrastructure.Data", "src\JoBoard.AuthService.Infrastructure.Data\JoBoard.AuthService.Infrastructure.Data.csproj", "{4D8FF32E-62DD-41C1-BBBB-E7A867971913}"
EndProject
Project("{FAE04EC0-301F-11D3-BF4B-00C04F79EFBC}") = "JoBoard.AuthService.Tests.Functional", "tests\JoBoard.AuthService.Tests.Functional\JoBoard.AuthService.Tests.Functional.csproj", "{39EABE58-F5E4-4547-B6B9-1994E9C7AE14}"
EndProject
Project("{FAE04EC0-301F-11D3-BF4B-00C04F79EFBC}") = "JoBoard.AuthService.Tests.Integration", "tests\JoBoard.AuthService.Tests.Integration\JoBoard.AuthService.Tests.Integration.csproj", "{CAE6FA2B-AB66-42A6-82C3-CA881B24DFC6}"
EndProject
Project("{FAE04EC0-301F-11D3-BF4B-00C04F79EFBC}") = "JoBoard.AuthService.Tests.Common", "tests\JoBoard.AuthService.Tests.Common\JoBoard.AuthService.Tests.Common.csproj", "{FC5AF56C-F190-455F-BA78-DFDE331A905C}"
EndProject
Project("{FAE04EC0-301F-11D3-BF4B-00C04F79EFBC}") = "JoBoard.AuthService.Infrastructure.Jwt", "src\JoBoard.AuthService.Infrastructure.Jwt\JoBoard.AuthService.Infrastructure.Jwt.csproj", "{72EAF434-1DAC-45A0-ABC1-244218101BAC}"
EndProject
Global
	GlobalSection(SolutionConfigurationPlatforms) = preSolution
		Debug|Any CPU = Debug|Any CPU
		Release|Any CPU = Release|Any CPU
	EndGlobalSection
	GlobalSection(ProjectConfigurationPlatforms) = postSolution
		{937C18AB-3858-48CD-88B5-235AAB1B78B9}.Debug|Any CPU.ActiveCfg = Debug|Any CPU
		{937C18AB-3858-48CD-88B5-235AAB1B78B9}.Debug|Any CPU.Build.0 = Debug|Any CPU
		{937C18AB-3858-48CD-88B5-235AAB1B78B9}.Release|Any CPU.ActiveCfg = Release|Any CPU
		{937C18AB-3858-48CD-88B5-235AAB1B78B9}.Release|Any CPU.Build.0 = Release|Any CPU
		{B6B5251C-2F66-419B-AE1F-3024812569D5}.Debug|Any CPU.ActiveCfg = Debug|Any CPU
		{B6B5251C-2F66-419B-AE1F-3024812569D5}.Debug|Any CPU.Build.0 = Debug|Any CPU
		{B6B5251C-2F66-419B-AE1F-3024812569D5}.Release|Any CPU.ActiveCfg = Release|Any CPU
		{B6B5251C-2F66-419B-AE1F-3024812569D5}.Release|Any CPU.Build.0 = Release|Any CPU
		{36B8C4BF-CEAC-4138-B172-8BECE6515964}.Debug|Any CPU.ActiveCfg = Debug|Any CPU
		{36B8C4BF-CEAC-4138-B172-8BECE6515964}.Debug|Any CPU.Build.0 = Debug|Any CPU
		{36B8C4BF-CEAC-4138-B172-8BECE6515964}.Release|Any CPU.ActiveCfg = Release|Any CPU
		{36B8C4BF-CEAC-4138-B172-8BECE6515964}.Release|Any CPU.Build.0 = Release|Any CPU
		{F85A174E-03CD-41ED-A26F-0C1DB7743514}.Debug|Any CPU.ActiveCfg = Debug|Any CPU
		{F85A174E-03CD-41ED-A26F-0C1DB7743514}.Debug|Any CPU.Build.0 = Debug|Any CPU
		{F85A174E-03CD-41ED-A26F-0C1DB7743514}.Release|Any CPU.ActiveCfg = Release|Any CPU
		{F85A174E-03CD-41ED-A26F-0C1DB7743514}.Release|Any CPU.Build.0 = Release|Any CPU
		{5F3F3FA3-59D9-448A-9830-E2647A6EFDB1}.Debug|Any CPU.ActiveCfg = Debug|Any CPU
		{5F3F3FA3-59D9-448A-9830-E2647A6EFDB1}.Debug|Any CPU.Build.0 = Debug|Any CPU
		{5F3F3FA3-59D9-448A-9830-E2647A6EFDB1}.Release|Any CPU.ActiveCfg = Release|Any CPU
		{5F3F3FA3-59D9-448A-9830-E2647A6EFDB1}.Release|Any CPU.Build.0 = Release|Any CPU
		{B40FBE57-83D3-4A0D-A6F5-286271875EA1}.Debug|Any CPU.ActiveCfg = Debug|Any CPU
		{B40FBE57-83D3-4A0D-A6F5-286271875EA1}.Debug|Any CPU.Build.0 = Debug|Any CPU
		{B40FBE57-83D3-4A0D-A6F5-286271875EA1}.Release|Any CPU.ActiveCfg = Release|Any CPU
		{B40FBE57-83D3-4A0D-A6F5-286271875EA1}.Release|Any CPU.Build.0 = Release|Any CPU
		{4D8FF32E-62DD-41C1-BBBB-E7A867971913}.Debug|Any CPU.ActiveCfg = Debug|Any CPU
		{4D8FF32E-62DD-41C1-BBBB-E7A867971913}.Debug|Any CPU.Build.0 = Debug|Any CPU
		{4D8FF32E-62DD-41C1-BBBB-E7A867971913}.Release|Any CPU.ActiveCfg = Release|Any CPU
		{4D8FF32E-62DD-41C1-BBBB-E7A867971913}.Release|Any CPU.Build.0 = Release|Any CPU
		{39EABE58-F5E4-4547-B6B9-1994E9C7AE14}.Debug|Any CPU.ActiveCfg = Debug|Any CPU
		{39EABE58-F5E4-4547-B6B9-1994E9C7AE14}.Debug|Any CPU.Build.0 = Debug|Any CPU
		{39EABE58-F5E4-4547-B6B9-1994E9C7AE14}.Release|Any CPU.ActiveCfg = Release|Any CPU
		{39EABE58-F5E4-4547-B6B9-1994E9C7AE14}.Release|Any CPU.Build.0 = Release|Any CPU
		{CAE6FA2B-AB66-42A6-82C3-CA881B24DFC6}.Debug|Any CPU.ActiveCfg = Debug|Any CPU
		{CAE6FA2B-AB66-42A6-82C3-CA881B24DFC6}.Debug|Any CPU.Build.0 = Debug|Any CPU
		{CAE6FA2B-AB66-42A6-82C3-CA881B24DFC6}.Release|Any CPU.ActiveCfg = Release|Any CPU
		{CAE6FA2B-AB66-42A6-82C3-CA881B24DFC6}.Release|Any CPU.Build.0 = Release|Any CPU
		{FC5AF56C-F190-455F-BA78-DFDE331A905C}.Debug|Any CPU.ActiveCfg = Debug|Any CPU
		{FC5AF56C-F190-455F-BA78-DFDE331A905C}.Debug|Any CPU.Build.0 = Debug|Any CPU
		{FC5AF56C-F190-455F-BA78-DFDE331A905C}.Release|Any CPU.ActiveCfg = Release|Any CPU
		{FC5AF56C-F190-455F-BA78-DFDE331A905C}.Release|Any CPU.Build.0 = Release|Any CPU
		{72EAF434-1DAC-45A0-ABC1-244218101BAC}.Debug|Any CPU.ActiveCfg = Debug|Any CPU
		{72EAF434-1DAC-45A0-ABC1-244218101BAC}.Debug|Any CPU.Build.0 = Debug|Any CPU
		{72EAF434-1DAC-45A0-ABC1-244218101BAC}.Release|Any CPU.ActiveCfg = Release|Any CPU
		{72EAF434-1DAC-45A0-ABC1-244218101BAC}.Release|Any CPU.Build.0 = Release|Any CPU
	EndGlobalSection
	GlobalSection(NestedProjects) = preSolution
		{937C18AB-3858-48CD-88B5-235AAB1B78B9} = {5B78A882-52A1-42BA-B5D0-EB9688D70F27}
		{36B8C4BF-CEAC-4138-B172-8BECE6515964} = {5B78A882-52A1-42BA-B5D0-EB9688D70F27}
		{B6B5251C-2F66-419B-AE1F-3024812569D5} = {5B78A882-52A1-42BA-B5D0-EB9688D70F27}
		{F85A174E-03CD-41ED-A26F-0C1DB7743514} = {5B78A882-52A1-42BA-B5D0-EB9688D70F27}
		{5F3F3FA3-59D9-448A-9830-E2647A6EFDB1} = {5B78A882-52A1-42BA-B5D0-EB9688D70F27}
		{B40FBE57-83D3-4A0D-A6F5-286271875EA1} = {A8B9121C-E3A7-4AD3-93A9-3D5D98DF6F01}
		{4D8FF32E-62DD-41C1-BBBB-E7A867971913} = {5B78A882-52A1-42BA-B5D0-EB9688D70F27}
		{39EABE58-F5E4-4547-B6B9-1994E9C7AE14} = {A8B9121C-E3A7-4AD3-93A9-3D5D98DF6F01}
		{CAE6FA2B-AB66-42A6-82C3-CA881B24DFC6} = {A8B9121C-E3A7-4AD3-93A9-3D5D98DF6F01}
		{FC5AF56C-F190-455F-BA78-DFDE331A905C} = {A8B9121C-E3A7-4AD3-93A9-3D5D98DF6F01}
		{72EAF434-1DAC-45A0-ABC1-244218101BAC} = {5B78A882-52A1-42BA-B5D0-EB9688D70F27}
	EndGlobalSection
EndGlobal
